{
  "version": 4,
  "terraform_version": "0.14.5",
  "serial": 7,
  "lineage": "38c82301-c44d-23ac-a8c4-703384b361b9",
  "outputs": {
    "sa_owner_email": {
      "value": "owner-terratest-iwcmjr@speeltuin-lottelaan.iam.gserviceaccount.com",
      "type": "string"
    },
    "sa_reader_email": {
      "value": "reader-terratest-iwcmjr@speeltuin-lottelaan.iam.gserviceaccount.com",
      "type": "string"
    }
  },
  "resources": [
    {
      "mode": "managed",
      "type": "google_service_account",
      "name": "map",
      "provider": "provider[\"registry.terraform.io/hashicorp/google\"]",
      "instances": [
        {
          "index_key": "owner",
          "schema_version": 0,
          "attributes": {
            "account_id": "owner-terratest-iwcmjr",
            "description": "Service Account to test assignment of repository roles",
            "display_name": "owner-terratest-iwcmjr Terraform Test",
            "email": "owner-terratest-iwcmjr@speeltuin-lottelaan.iam.gserviceaccount.com",
            "id": "projects/speeltuin-lottelaan/serviceAccounts/owner-terratest-iwcmjr@speeltuin-lottelaan.iam.gserviceaccount.com",
            "name": "projects/speeltuin-lottelaan/serviceAccounts/owner-terratest-iwcmjr@speeltuin-lottelaan.iam.gserviceaccount.com",
            "project": "speeltuin-lottelaan",
            "timeouts": null,
            "unique_id": "110123482264189685887"
          },
          "sensitive_attributes": [],
          "private": "eyJlMmJmYjczMC1lY2FhLTExZTYtOGY4OC0zNDM2M2JjN2M0YzAiOnsiY3JlYXRlIjozMDAwMDAwMDAwMDB9fQ=="
        },
        {
          "index_key": "reader",
          "schema_version": 0,
          "attributes": {
            "account_id": "reader-terratest-iwcmjr",
            "description": "Service Account to test assignment of repository roles",
            "display_name": "reader-terratest-iwcmjr Terraform Test",
            "email": "reader-terratest-iwcmjr@speeltuin-lottelaan.iam.gserviceaccount.com",
            "id": "projects/speeltuin-lottelaan/serviceAccounts/reader-terratest-iwcmjr@speeltuin-lottelaan.iam.gserviceaccount.com",
            "name": "projects/speeltuin-lottelaan/serviceAccounts/reader-terratest-iwcmjr@speeltuin-lottelaan.iam.gserviceaccount.com",
            "project": "speeltuin-lottelaan",
            "timeouts": null,
            "unique_id": "104454181771900917766"
          },
          "sensitive_attributes": [],
          "private": "eyJlMmJmYjczMC1lY2FhLTExZTYtOGY4OC0zNDM2M2JjN2M0YzAiOnsiY3JlYXRlIjozMDAwMDAwMDAwMDB9fQ=="
        }
      ]
    }
  ]
}
