{
  "version": 4,
  "terraform_version": "0.14.5",
  "serial": 17,
  "lineage": "6080d734-c3f4-d145-41bd-b9d94a665018",
  "outputs": {
    "map": {
      "value": {
        "app": {
          "create_time": "2021-03-25T13:24:40.723201Z",
          "description": "test-override",
          "format": "DOCKER",
          "id": "projects/speeltuin-lottelaan/locations/us-east1/repositories/app",
          "kms_key_name": "",
          "labels": {
            "creator": "terraform",
            "env": "terratest_iwcmjr",
            "owner": "myself",
            "project": "testapp",
            "purpose": "app"
          },
          "location": "us-east1",
          "name": "app",
          "project": "speeltuin-lottelaan",
          "repository_id": "app",
          "timeouts": null,
          "update_time": "2021-03-25T13:24:40.723201Z"
        },
        "app2": {
          "create_time": "2021-03-25T13:24:40.686518Z",
          "description": "Terrafrom managed repository - DOCKER app2",
          "format": "DOCKER",
          "id": "projects/speeltuin-lottelaan/locations/us-east1/repositories/app2",
          "kms_key_name": "",
          "labels": {
            "creator": "terraform",
            "env": "terratest_iwcmjr",
            "owner": "myself",
            "project": "testapp",
            "purpose": "app2"
          },
          "location": "us-east1",
          "name": "app2",
          "project": "speeltuin-lottelaan",
          "repository_id": "app2",
          "timeouts": null,
          "update_time": "2021-03-25T13:24:40.686518Z"
        }
      },
      "type": [
        "object",
        {
          "app": [
            "object",
            {
              "create_time": "string",
              "description": "string",
              "format": "string",
              "id": "string",
              "kms_key_name": "string",
              "labels": [
                "map",
                "string"
              ],
              "location": "string",
              "name": "string",
              "project": "string",
              "repository_id": "string",
              "timeouts": [
                "object",
                {
                  "create": "string",
                  "delete": "string",
                  "update": "string"
                }
              ],
              "update_time": "string"
            }
          ],
          "app2": [
            "object",
            {
              "create_time": "string",
              "description": "string",
              "format": "string",
              "id": "string",
              "kms_key_name": "string",
              "labels": [
                "map",
                "string"
              ],
              "location": "string",
              "name": "string",
              "project": "string",
              "repository_id": "string",
              "timeouts": [
                "object",
                {
                  "create": "string",
                  "delete": "string",
                  "update": "string"
                }
              ],
              "update_time": "string"
            }
          ]
        }
      ]
    }
  },
  "resources": [
    {
      "module": "module.repository",
      "mode": "data",
      "type": "google_iam_policy",
      "name": "map",
      "provider": "provider[\"registry.terraform.io/hashicorp/google\"]",
      "instances": [
        {
          "index_key": "app",
          "schema_version": 0,
          "attributes": {
            "audit_config": null,
            "binding": null,
            "id": "2745614147",
            "policy_data": "{}"
          },
          "sensitive_attributes": []
        },
        {
          "index_key": "app2",
          "schema_version": 0,
          "attributes": {
            "audit_config": null,
            "binding": [
              {
                "condition": [],
                "members": [
                  "serviceAccount:owner-terratest-iwcmjr@speeltuin-lottelaan.iam.gserviceaccount.com"
                ],
                "role": "roles/editor"
              },
              {
                "condition": [],
                "members": [
                  "serviceAccount:reader-terratest-iwcmjr@speeltuin-lottelaan.iam.gserviceaccount.com"
                ],
                "role": "roles/viewer"
              }
            ],
            "id": "2716448490",
            "policy_data": "{\"bindings\":[{\"members\":[\"serviceAccount:owner-terratest-iwcmjr@speeltuin-lottelaan.iam.gserviceaccount.com\"],\"role\":\"roles/editor\"},{\"members\":[\"serviceAccount:reader-terratest-iwcmjr@speeltuin-lottelaan.iam.gserviceaccount.com\"],\"role\":\"roles/viewer\"}]}"
          },
          "sensitive_attributes": []
        }
      ]
    },
    {
      "module": "module.repository",
      "mode": "managed",
      "type": "google_artifact_registry_repository",
      "name": "map",
      "provider": "provider[\"registry.terraform.io/hashicorp/google-beta\"]",
      "instances": [
        {
          "index_key": "app",
          "schema_version": 0,
          "attributes": {
            "create_time": "2021-03-25T13:24:40.723201Z",
            "description": "test-override",
            "format": "DOCKER",
            "id": "projects/speeltuin-lottelaan/locations/us-east1/repositories/app",
            "kms_key_name": "",
            "labels": {
              "creator": "terraform",
              "env": "terratest_iwcmjr",
              "owner": "myself",
              "project": "testapp",
              "purpose": "app"
            },
            "location": "us-east1",
            "name": "app",
            "project": "speeltuin-lottelaan",
            "repository_id": "app",
            "timeouts": null,
            "update_time": "2021-03-25T13:24:40.723201Z"
          },
          "sensitive_attributes": [],
          "private": "eyJlMmJmYjczMC1lY2FhLTExZTYtOGY4OC0zNDM2M2JjN2M0YzAiOnsiY3JlYXRlIjoyNDAwMDAwMDAwMDAsImRlbGV0ZSI6MjQwMDAwMDAwMDAwLCJ1cGRhdGUiOjI0MDAwMDAwMDAwMH19"
        },
        {
          "index_key": "app2",
          "schema_version": 0,
          "attributes": {
            "create_time": "2021-03-25T13:24:40.686518Z",
            "description": "Terrafrom managed repository - DOCKER app2",
            "format": "DOCKER",
            "id": "projects/speeltuin-lottelaan/locations/us-east1/repositories/app2",
            "kms_key_name": "",
            "labels": {
              "creator": "terraform",
              "env": "terratest_iwcmjr",
              "owner": "myself",
              "project": "testapp",
              "purpose": "app2"
            },
            "location": "us-east1",
            "name": "app2",
            "project": "speeltuin-lottelaan",
            "repository_id": "app2",
            "timeouts": null,
            "update_time": "2021-03-25T13:24:40.686518Z"
          },
          "sensitive_attributes": [],
          "private": "eyJlMmJmYjczMC1lY2FhLTExZTYtOGY4OC0zNDM2M2JjN2M0YzAiOnsiY3JlYXRlIjoyNDAwMDAwMDAwMDAsImRlbGV0ZSI6MjQwMDAwMDAwMDAwLCJ1cGRhdGUiOjI0MDAwMDAwMDAwMH19"
        }
      ]
    },
    {
      "module": "module.repository",
      "mode": "managed",
      "type": "google_artifact_registry_repository_iam_policy",
      "name": "map",
      "provider": "provider[\"registry.terraform.io/hashicorp/google-beta\"]",
      "instances": [
        {
          "index_key": "app",
          "schema_version": 0,
          "attributes": {
            "etag": "BwW+XFbUwiI=",
            "id": "projects/speeltuin-lottelaan/locations/us-east1/repositories/app",
            "location": "us-east1",
            "policy_data": "{}",
            "project": "speeltuin-lottelaan",
            "repository": "projects/speeltuin-lottelaan/locations/us-east1/repositories/app"
          },
          "sensitive_attributes": [],
          "private": "bnVsbA==",
          "dependencies": [
            "module.repository.data.google_iam_policy.map",
            "module.repository.google_artifact_registry_repository.map"
          ]
        },
        {
          "index_key": "app2",
          "schema_version": 0,
          "attributes": {
            "etag": "BwW+XFbUtBU=",
            "id": "projects/speeltuin-lottelaan/locations/us-east1/repositories/app2",
            "location": "us-east1",
            "policy_data": "{\"bindings\":[{\"members\":[\"serviceAccount:owner-terratest-iwcmjr@speeltuin-lottelaan.iam.gserviceaccount.com\"],\"role\":\"roles/editor\"},{\"members\":[\"serviceAccount:reader-terratest-iwcmjr@speeltuin-lottelaan.iam.gserviceaccount.com\"],\"role\":\"roles/viewer\"}]}",
            "project": "speeltuin-lottelaan",
            "repository": "projects/speeltuin-lottelaan/locations/us-east1/repositories/app2"
          },
          "sensitive_attributes": [],
          "private": "bnVsbA==",
          "dependencies": [
            "module.repository.data.google_iam_policy.map",
            "module.repository.google_artifact_registry_repository.map"
          ]
        }
      ]
    }
  ]
}
