{
  "version": 4,
  "terraform_version": "0.14.5",
  "serial": 10,
  "lineage": "95db5941-f42a-f8b7-01b7-d25d28c0fa9e",
  "outputs": {
    "map": {
      "value": {
        "app": {
          "create_time": "2021-03-25T13:24:11.545495Z",
          "description": "Terrafrom managed repository - DOCKER app",
          "format": "DOCKER",
          "id": "projects/speeltuin-lottelaan/locations/europe-west4/repositories/app",
          "kms_key_name": "",
          "labels": {
            "creator": "terraform",
            "env": "terratest_iwcmjr",
            "owner": "myself",
            "project": "testapp",
            "purpose": "app"
          },
          "location": "europe-west4",
          "name": "app",
          "project": "speeltuin-lottelaan",
          "repository_id": "app",
          "timeouts": null,
          "update_time": "2021-03-25T13:24:11.545495Z"
        }
      },
      "type": [
        "object",
        {
          "app": [
            "object",
            {
              "create_time": "string",
              "description": "string",
              "format": "string",
              "id": "string",
              "kms_key_name": "string",
              "labels": [
                "map",
                "string"
              ],
              "location": "string",
              "name": "string",
              "project": "string",
              "repository_id": "string",
              "timeouts": [
                "object",
                {
                  "create": "string",
                  "delete": "string",
                  "update": "string"
                }
              ],
              "update_time": "string"
            }
          ]
        }
      ]
    }
  },
  "resources": [
    {
      "module": "module.repository",
      "mode": "data",
      "type": "google_iam_policy",
      "name": "map",
      "provider": "provider[\"registry.terraform.io/hashicorp/google\"]",
      "instances": [
        {
          "index_key": "app",
          "schema_version": 0,
          "attributes": {
            "audit_config": null,
            "binding": null,
            "id": "2745614147",
            "policy_data": "{}"
          },
          "sensitive_attributes": []
        }
      ]
    },
    {
      "module": "module.repository",
      "mode": "managed",
      "type": "google_artifact_registry_repository",
      "name": "map",
      "provider": "provider[\"registry.terraform.io/hashicorp/google-beta\"]",
      "instances": [
        {
          "index_key": "app",
          "schema_version": 0,
          "attributes": {
            "create_time": "2021-03-25T13:24:11.545495Z",
            "description": "Terrafrom managed repository - DOCKER app",
            "format": "DOCKER",
            "id": "projects/speeltuin-lottelaan/locations/europe-west4/repositories/app",
            "kms_key_name": "",
            "labels": {
              "creator": "terraform",
              "env": "terratest_iwcmjr",
              "owner": "myself",
              "project": "testapp",
              "purpose": "app"
            },
            "location": "europe-west4",
            "name": "app",
            "project": "speeltuin-lottelaan",
            "repository_id": "app",
            "timeouts": null,
            "update_time": "2021-03-25T13:24:11.545495Z"
          },
          "sensitive_attributes": [],
          "private": "eyJlMmJmYjczMC1lY2FhLTExZTYtOGY4OC0zNDM2M2JjN2M0YzAiOnsiY3JlYXRlIjoyNDAwMDAwMDAwMDAsImRlbGV0ZSI6MjQwMDAwMDAwMDAwLCJ1cGRhdGUiOjI0MDAwMDAwMDAwMH19"
        }
      ]
    },
    {
      "module": "module.repository",
      "mode": "managed",
      "type": "google_artifact_registry_repository_iam_policy",
      "name": "map",
      "provider": "provider[\"registry.terraform.io/hashicorp/google-beta\"]",
      "instances": [
        {
          "index_key": "app",
          "schema_version": 0,
          "attributes": {
            "etag": "BwW+XFVSXC4=",
            "id": "projects/speeltuin-lottelaan/locations/europe-west4/repositories/app",
            "location": "europe-west4",
            "policy_data": "{}",
            "project": "speeltuin-lottelaan",
            "repository": "projects/speeltuin-lottelaan/locations/europe-west4/repositories/app"
          },
          "sensitive_attributes": [],
          "private": "bnVsbA==",
          "dependencies": [
            "module.repository.data.google_iam_policy.map",
            "module.repository.google_artifact_registry_repository.map"
          ]
        }
      ]
    }
  ]
}
